{
  "name": "sudoku-react-ts",
  "version": "1.0.0",
  "lockfileVersion": 1,
  "requires": true,
  "dependencies": {
    "@types/node": {
      "version": "12.19.12",
      "resolved": "https://registry.npmjs.org/@types/node/-/node-12.19.12.tgz",
      "integrity": "sha512-UwfL2uIU9arX/+/PRcIkT08/iBadGN2z6ExOROA2Dh5mAuWTBj6iJbQX4nekiV5H8cTrEG569LeX+HRco9Cbxw==",
      "dev": true
    }
  }
}
